
Microsoft Visual Studio Solution File, Format Version 12.00
# Visual Studio Version 17
VisualStudioVersion = 17.4.33403.182
MinimumVisualStudioVersion = 10.0.40219.1
Project("{FAE04EC0-301F-11D3-BF4B-00C04F79EFBC}") = "PrintNamesLibrary", "PrintNamesLibrary.csproj", "{533EB370-E778-4000-B26F-0E35338FA0E0}"
EndProject
Project("{FAE04EC0-301F-11D3-BF4B-00C04F79EFBC}") = "TestPrintConsole", "..\TestPrintConsole\TestPrintConsole.csproj", "{3D6087B6-19B5-44A8-8933-7CFC1FC932FF}"
EndProject
Global
	GlobalSection(SolutionConfigurationPlatforms) = preSolution
		Debug|Any CPU = Debug|Any CPU
		Release|Any CPU = Release|Any CPU
	EndGlobalSection
	GlobalSection(ProjectConfigurationPlatforms) = postSolution
		{533EB370-E778-4000-B26F-0E35338FA0E0}.Debug|Any CPU.ActiveCfg = Debug|Any CPU
		{533EB370-E778-4000-B26F-0E35338FA0E0}.Debug|Any CPU.Build.0 = Debug|Any CPU
		{533EB370-E778-4000-B26F-0E35338FA0E0}.Release|Any CPU.ActiveCfg = Release|Any CPU
		{533EB370-E778-4000-B26F-0E35338FA0E0}.Release|Any CPU.Build.0 = Release|Any CPU
		{3D6087B6-19B5-44A8-8933-7CFC1FC932FF}.Debug|Any CPU.ActiveCfg = Debug|Any CPU
		{3D6087B6-19B5-44A8-8933-7CFC1FC932FF}.Debug|Any CPU.Build.0 = Debug|Any CPU
		{3D6087B6-19B5-44A8-8933-7CFC1FC932FF}.Release|Any CPU.ActiveCfg = Release|Any CPU
		{3D6087B6-19B5-44A8-8933-7CFC1FC932FF}.Release|Any CPU.Build.0 = Release|Any CPU
	EndGlobalSection
	GlobalSection(SolutionProperties) = preSolution
		HideSolutionNode = FALSE
	EndGlobalSection
	GlobalSection(ExtensibilityGlobals) = postSolution
		SolutionGuid = {66E8A19F-26C5-48C4-B57C-5895A2EAFDBD}
	EndGlobalSection
EndGlobal
